
Microsoft Visual Studio Solution File, Format Version 12.00
# Visual Studio Version 16
VisualStudioVersion = 16.0.32630.194
MinimumVisualStudioVersion = 10.0.40219.1
Project("{FAE04EC0-301F-11D3-BF4B-00C04F79EFBC}") = "EFCodeFirstExample", "EFCodeFirstExample.csproj", "{0FA0103C-8607-4516-822A-B8B453F4D648}"
EndProject
Global
	GlobalSection(SolutionConfigurationPlatforms) = preSolution
		Debug|Any CPU = Debug|Any CPU
		Release|Any CPU = Release|Any CPU
	EndGlobalSection
	GlobalSection(ProjectConfigurationPlatforms) = postSolution
		{0FA0103C-8607-4516-822A-B8B453F4D648}.Debug|Any CPU.ActiveCfg = Debug|Any CPU
		{0FA0103C-8607-4516-822A-B8B453F4D648}.Debug|Any CPU.Build.0 = Debug|Any CPU
		{0FA0103C-8607-4516-822A-B8B453F4D648}.Release|Any CPU.ActiveCfg = Release|Any CPU
		{0FA0103C-8607-4516-822A-B8B453F4D648}.Release|Any CPU.Build.0 = Release|Any CPU
	EndGlobalSection
	GlobalSection(SolutionProperties) = preSolution
		HideSolutionNode = FALSE
	EndGlobalSection
	GlobalSection(ExtensibilityGlobals) = postSolution
		SolutionGuid = {09BDC31D-CA87-441F-A558-AA749D481A80}
	EndGlobalSection
EndGlobal
