
Microsoft Visual Studio Solution File, Format Version 12.00
# Visual Studio Version 16
VisualStudioVersion = 16.0.32630.194
MinimumVisualStudioVersion = 10.0.40219.1
Project("{FAE04EC0-301F-11D3-BF4B-00C04F79EFBC}") = "PartialView", "PartialView.csproj", "{1AD2A4D1-E7B8-4D77-BFE2-13CBFE498EA5}"
EndProject
Global
	GlobalSection(SolutionConfigurationPlatforms) = preSolution
		Debug|Any CPU = Debug|Any CPU
		Release|Any CPU = Release|Any CPU
	EndGlobalSection
	GlobalSection(ProjectConfigurationPlatforms) = postSolution
		{1AD2A4D1-E7B8-4D77-BFE2-13CBFE498EA5}.Debug|Any CPU.ActiveCfg = Debug|Any CPU
		{1AD2A4D1-E7B8-4D77-BFE2-13CBFE498EA5}.Debug|Any CPU.Build.0 = Debug|Any CPU
		{1AD2A4D1-E7B8-4D77-BFE2-13CBFE498EA5}.Release|Any CPU.ActiveCfg = Release|Any CPU
		{1AD2A4D1-E7B8-4D77-BFE2-13CBFE498EA5}.Release|Any CPU.Build.0 = Release|Any CPU
	EndGlobalSection
	GlobalSection(SolutionProperties) = preSolution
		HideSolutionNode = FALSE
	EndGlobalSection
	GlobalSection(ExtensibilityGlobals) = postSolution
		SolutionGuid = {14B14C15-B6A6-41A0-99A6-C19D1845B090}
	EndGlobalSection
EndGlobal
